
Microsoft Visual Studio Solution File, Format Version 12.00
# Visual Studio Version 17
VisualStudioVersion = 17.1.32210.238
MinimumVisualStudioVersion = 10.0.40219.1
Project("{FAE04EC0-301F-11D3-BF4B-00C04F79EFBC}") = "RatingAPIWebApp", "RatingAPIWebApp\RatingAPIWebApp.csproj", "{9E99002D-5CE3-443B-AA99-6F64387AF2AE}"
EndProject
Global
	GlobalSection(SolutionConfigurationPlatforms) = preSolution
		Debug|Any CPU = Debug|Any CPU
		Release|Any CPU = Release|Any CPU
	EndGlobalSection
	GlobalSection(ProjectConfigurationPlatforms) = postSolution
		{9E99002D-5CE3-443B-AA99-6F64387AF2AE}.Debug|Any CPU.ActiveCfg = Debug|Any CPU
		{9E99002D-5CE3-443B-AA99-6F64387AF2AE}.Debug|Any CPU.Build.0 = Debug|Any CPU
		{9E99002D-5CE3-443B-AA99-6F64387AF2AE}.Release|Any CPU.ActiveCfg = Release|Any CPU
		{9E99002D-5CE3-443B-AA99-6F64387AF2AE}.Release|Any CPU.Build.0 = Release|Any CPU
	EndGlobalSection
	GlobalSection(SolutionProperties) = preSolution
		HideSolutionNode = FALSE
	EndGlobalSection
	GlobalSection(ExtensibilityGlobals) = postSolution
		SolutionGuid = {54440D05-1DF7-46DF-8C4F-7A243F94AEAC}
	EndGlobalSection
EndGlobal
